
Microsoft Visual Studio Solution File, Format Version 12.00
# Visual Studio 15
VisualStudioVersion = 15.0.26403.3
MinimumVisualStudioVersion = 10.0.40219.1
Project("{8BC9CEB8-8B4A-11D0-8D11-00A0C91BC942}") = "Gateway", "Gateway\Gateway.vcxproj", "{C5F80730-F44F-4478-BDAE-6634EFC2CA88}"
EndProject
Project("{8BC9CEB8-8B4A-11D0-8D11-00A0C91BC942}") = "ESP", "ESP\ESP.vcxproj", "{E016F38E-43AD-479F-980D-CB8F1420B975}"
EndProject
Project("{FAE04EC0-301F-11D3-BF4B-00C04F79EFBC}") = "Server", "Server\Server.csproj", "{50BD7C52-1952-4A26-9A2F-948D85756FC5}"
EndProject
Global
	GlobalSection(SolutionConfigurationPlatforms) = preSolution
		Debug|Any CPU = Debug|Any CPU
		Debug|x86 = Debug|x86
		Release|Any CPU = Release|Any CPU
		Release|x86 = Release|x86
	EndGlobalSection
	GlobalSection(ProjectConfigurationPlatforms) = postSolution
		{C5F80730-F44F-4478-BDAE-6634EFC2CA88}.Debug|Any CPU.ActiveCfg = Debug|Win32
		{C5F80730-F44F-4478-BDAE-6634EFC2CA88}.Debug|x86.ActiveCfg = Debug|Win32
		{C5F80730-F44F-4478-BDAE-6634EFC2CA88}.Debug|x86.Build.0 = Debug|Win32
		{C5F80730-F44F-4478-BDAE-6634EFC2CA88}.Release|Any CPU.ActiveCfg = Release|Win32
		{C5F80730-F44F-4478-BDAE-6634EFC2CA88}.Release|x86.ActiveCfg = Release|Win32
		{C5F80730-F44F-4478-BDAE-6634EFC2CA88}.Release|x86.Build.0 = Release|Win32
		{E016F38E-43AD-479F-980D-CB8F1420B975}.Debug|Any CPU.ActiveCfg = Debug|Win32
		{E016F38E-43AD-479F-980D-CB8F1420B975}.Debug|x86.ActiveCfg = Debug|Win32
		{E016F38E-43AD-479F-980D-CB8F1420B975}.Debug|x86.Build.0 = Debug|Win32
		{E016F38E-43AD-479F-980D-CB8F1420B975}.Release|Any CPU.ActiveCfg = Release|Win32
		{E016F38E-43AD-479F-980D-CB8F1420B975}.Release|x86.ActiveCfg = Release|Win32
		{E016F38E-43AD-479F-980D-CB8F1420B975}.Release|x86.Build.0 = Release|Win32
		{50BD7C52-1952-4A26-9A2F-948D85756FC5}.Debug|Any CPU.ActiveCfg = Debug|Any CPU
		{50BD7C52-1952-4A26-9A2F-948D85756FC5}.Debug|Any CPU.Build.0 = Debug|Any CPU
		{50BD7C52-1952-4A26-9A2F-948D85756FC5}.Debug|x86.ActiveCfg = Debug|Any CPU
		{50BD7C52-1952-4A26-9A2F-948D85756FC5}.Debug|x86.Build.0 = Debug|Any CPU
		{50BD7C52-1952-4A26-9A2F-948D85756FC5}.Release|Any CPU.ActiveCfg = Release|Any CPU
		{50BD7C52-1952-4A26-9A2F-948D85756FC5}.Release|Any CPU.Build.0 = Release|Any CPU
		{50BD7C52-1952-4A26-9A2F-948D85756FC5}.Release|x86.ActiveCfg = Release|Any CPU
		{50BD7C52-1952-4A26-9A2F-948D85756FC5}.Release|x86.Build.0 = Release|Any CPU
	EndGlobalSection
	GlobalSection(SolutionProperties) = preSolution
		HideSolutionNode = FALSE
	EndGlobalSection
EndGlobal
