<?xml version="1.0" encoding="utf-8"?>
<Project ToolsVersion="4.0" xmlns="http://schemas.microsoft.com/developer/msbuild/2003">
  <ItemGroup>
    <None Include="Gateway.ino" />
  </ItemGroup>
  <ItemGroup>
    <ClInclude Include="__vm\.Gateway.vsarduino.h" />
    <ClInclude Include="RFID\RFIDController.h">
      <Filter>RFID</Filter>
    </ClInclude>
    <ClInclude Include="Ethernet\EthernetController.h">
      <Filter>Ethernet</Filter>
    </ClInclude>
    <ClInclude Include="ESP\ESPCommunication.h">
      <Filter>ESP</Filter>
    </ClInclude>
    <ClInclude Include="DHT\DHTController.h">
      <Filter>DHT</Filter>
    </ClInclude>
    <ClInclude Include="DoorSwitch\ReedSwitchController.h">
      <Filter>DoorSwitch</Filter>
    </ClInclude>
  </ItemGroup>
  <ItemGroup>
    <Filter Include="RFID">
      <UniqueIdentifier>{fd8acd68-ad62-458a-818f-be846f5b890b}</UniqueIdentifier>
    </Filter>
    <Filter Include="Ethernet">
      <UniqueIdentifier>{29d9c4b1-d160-4bc5-855b-72852b514043}</UniqueIdentifier>
    </Filter>
    <Filter Include="ESP">
      <UniqueIdentifier>{ae77e581-8fc6-419e-86dc-f49d08ab3f09}</UniqueIdentifier>
    </Filter>
    <Filter Include="DHT">
      <UniqueIdentifier>{a18d5b37-df06-47f8-835e-e2b652ca506c}</UniqueIdentifier>
    </Filter>
    <Filter Include="DoorSwitch">
      <UniqueIdentifier>{e5d8bf71-ea91-43a8-a61e-c0478d371af3}</UniqueIdentifier>
    </Filter>
  </ItemGroup>
  <ItemGroup>
    <ClCompile Include="RFID\RFIDController.cpp">
      <Filter>RFID</Filter>
    </ClCompile>
    <ClCompile Include="Ethernet\EthernetController.cpp">
      <Filter>Ethernet</Filter>
    </ClCompile>
    <ClCompile Include="DHT\DHTController.cpp">
      <Filter>DHT</Filter>
    </ClCompile>
    <ClCompile Include="DoorSwitch\ReedSwitchController.cpp">
      <Filter>DoorSwitch</Filter>
    </ClCompile>
    <ClCompile Include="ESP\ESPCommunication.cpp">
      <Filter>ESP</Filter>
    </ClCompile>
  </ItemGroup>
</Project>